
Microsoft Visual Studio Solution File, Format Version 12.00
# Visual Studio 15
VisualStudioVersion = 15.0.28307.539
MinimumVisualStudioVersion = 10.0.40219.1
Project("{FAE04EC0-301F-11D3-BF4B-00C04F79EFBC}") = "UpdateRunningTasks", "UpdateRunningTasks\UpdateRunningTasks.csproj", "{F87B5F5E-E3F6-475B-90A7-A39CF05492EE}"
EndProject
Global
	GlobalSection(SolutionConfigurationPlatforms) = preSolution
		Debug|Any CPU = Debug|Any CPU
		Release|Any CPU = Release|Any CPU
	EndGlobalSection
	GlobalSection(ProjectConfigurationPlatforms) = postSolution
		{F87B5F5E-E3F6-475B-90A7-A39CF05492EE}.Debug|Any CPU.ActiveCfg = Debug|Any CPU
		{F87B5F5E-E3F6-475B-90A7-A39CF05492EE}.Debug|Any CPU.Build.0 = Debug|Any CPU
		{F87B5F5E-E3F6-475B-90A7-A39CF05492EE}.Release|Any CPU.ActiveCfg = Release|Any CPU
		{F87B5F5E-E3F6-475B-90A7-A39CF05492EE}.Release|Any CPU.Build.0 = Release|Any CPU
	EndGlobalSection
	GlobalSection(SolutionProperties) = preSolution
		HideSolutionNode = FALSE
	EndGlobalSection
	GlobalSection(ExtensibilityGlobals) = postSolution
		SolutionGuid = {3B5B2EC6-35FA-41D9-AA70-C0F5D56E446E}
	EndGlobalSection
EndGlobal
